// !$*UTF8*$!
{
	archiveVersion = 1;
	classes = {
	};
	objectVersion = 56;
	objects = {

/* Begin PBXBuildFile section */
		DBFEE7B42B9DF072000C2CDA /* AppDelegate.swift in Sources */ = {isa = PBXBuildFile; fileRef = DBFEE7B32B9DF072000C2CDA /* AppDelegate.swift */; };
		DBFEE7B62B9DF072000C2CDA /* SceneDelegate.swift in Sources */ = {isa = PBXBuildFile; fileRef = DBFEE7B52B9DF072000C2CDA /* SceneDelegate.swift */; };
		DBFEE7B82B9DF072000C2CDA /* ViewController.swift in Sources */ = {isa = PBXBuildFile; fileRef = DBFEE7B72B9DF072000C2CDA /* ViewController.swift */; };
		DBFEE7BB2B9DF072000C2CDA /* Base in Resources */ = {isa = PBXBuildFile; fileRef = DBFEE7BA2B9DF072000C2CDA /* Base */; };
		DBFEE7BD2B9DF074000C2CDA /* Assets.xcassets in Resources */ = {isa = PBXBuildFile; fileRef = DBFEE7BC2B9DF074000C2CDA /* Assets.xcassets */; };
		DBFEE7C02B9DF074000C2CDA /* Base in Resources */ = {isa = PBXBuildFile; fileRef = DBFEE7BF2B9DF074000C2CDA /* Base */; };
		DBFEE7CB2B9DF074000C2CDA /* NoteAppTests.swift in Sources */ = {isa = PBXBuildFile; fileRef = DBFEE7CA2B9DF074000C2CDA /* NoteAppTests.swift */; };
		DBFEE7D52B9DF074000C2CDA /* NoteAppUITests.swift in Sources */ = {isa = PBXBuildFile; fileRef = DBFEE7D42B9DF074000C2CDA /* NoteAppUITests.swift */; };
		DBFEE7D72B9DF074000C2CDA /* NoteAppUITestsLaunchTests.swift in Sources */ = {isa = PBXBuildFile; fileRef = DBFEE7D62B9DF074000C2CDA /* NoteAppUITestsLaunchTests.swift */; };
/* End PBXBuildFile section */

/* Begin PBXContainerItemProxy section */
		DBFEE7C72B9DF074000C2CDA /* PBXContainerItemProxy */ = {
			isa = PBXContainerItemProxy;
			containerPortal = DBFEE7A82B9DF072000C2CDA /* Project object */;
			proxyType = 1;
			remoteGlobalIDString = DBFEE7AF2B9DF072000C2CDA;
			remoteInfo = NoteApp;
		};
		DBFEE7D12B9DF074000C2CDA /* PBXContainerItemProxy */ = {
			isa = PBXContainerItemProxy;
			containerPortal = DBFEE7A82B9DF072000C2CDA /* Project object */;
			proxyType = 1;
			remoteGlobalIDString = DBFEE7AF2B9DF072000C2CDA;
			remoteInfo = NoteApp;
		};
/* End PBXContainerItemProxy section */

/* Begin PBXFileReference section */
		DBFEE7B02B9DF072000C2CDA /* NoteApp.app */ = {isa = PBXFileReference; explicitFileType = wrapper.application; includeInIndex = 0; path = NoteApp.app; sourceTree = BUILT_PRODUCTS_DIR; };
		DBFEE7B32B9DF072000C2CDA /* AppDelegate.swift */ = {isa = PBXFileReference; lastKnownFileType = sourcecode.swift; path = AppDelegate.swift; sourceTree = "<group>"; };
		DBFEE7B52B9DF072000C2CDA /* SceneDelegate.swift */ = {isa = PBXFileReference; lastKnownFileType = sourcecode.swift; path = SceneDelegate.swift; sourceTree = "<group>"; };
		DBFEE7B72B9DF072000C2CDA /* ViewController.swift */ = {isa = PBXFileReference; lastKnownFileType = sourcecode.swift; path = ViewController.swift; sourceTree = "<group>"; };
		DBFEE7BA2B9DF072000C2CDA /* Base */ = {isa = PBXFileReference; lastKnownFileType = file.storyboard; name = Base; path = Base.lproj/Main.storyboard; sourceTree = "<group>"; };
		DBFEE7BC2B9DF074000C2CDA /* Assets.xcassets */ = {isa = PBXFileReference; lastKnownFileType = folder.assetcatalog; path = Assets.xcassets; sourceTree = "<group>"; };
		DBFEE7BF2B9DF074000C2CDA /* Base */ = {isa = PBXFileReference; lastKnownFileType = file.storyboard; name = Base; path = Base.lproj/LaunchScreen.storyboard; sourceTree = "<group>"; };
		DBFEE7C12B9DF074000C2CDA /* Info.plist */ = {isa = PBXFileReference; lastKnownFileType = text.plist.xml; path = Info.plist; sourceTree = "<group>"; };
		DBFEE7C62B9DF074000C2CDA /* NoteAppTests.xctest */ = {isa = PBXFileReference; explicitFileType = wrapper.cfbundle; includeInIndex = 0; path = NoteAppTests.xctest; sourceTree = BUILT_PRODUCTS_DIR; };
		DBFEE7CA2B9DF074000C2CDA /* NoteAppTests.swift */ = {isa = PBXFileReference; lastKnownFileType = sourcecode.swift; path = NoteAppTests.swift; sourceTree = "<group>"; };
		DBFEE7D02B9DF074000C2CDA /* NoteAppUITests.xctest */ = {isa = PBXFileReference; explicitFileType = wrapper.cfbundle; includeInIndex = 0; path = NoteAppUITests.xctest; sourceTree = BUILT_PRODUCTS_DIR; };
		DBFEE7D42B9DF074000C2CDA /* NoteAppUITests.swift */ = {isa = PBXFileReference; lastKnownFileType = sourcecode.swift; path = NoteAppUITests.swift; sourceTree = "<group>"; };
		DBFEE7D62B9DF074000C2CDA /* NoteAppUITestsLaunchTests.swift */ = {isa = PBXFileReference; lastKnownFileType = sourcecode.swift; path = NoteAppUITestsLaunchTests.swift; sourceTree = "<group>"; };
/* End PBXFileReference section */

/* Begin PBXFrameworksBuildPhase section */
		DBFEE7AD2B9DF072000C2CDA /* Frameworks */ = {
			isa = PBXFrameworksBuildPhase;
			buildActionMask = 2147483647;
			files = (
			);
			runOnlyForDeploymentPostprocessing = 0;
		};
		DBFEE7C32B9DF074000C2CDA /* Frameworks */ = {
			isa = PBXFrameworksBuildPhase;
			buildActionMask = 2147483647;
			files = (
			);
			runOnlyForDeploymentPostprocessing = 0;
		};
		DBFEE7CD2B9DF074000C2CDA /* Frameworks */ = {
			isa = PBXFrameworksBuildPhase;
			buildActionMask = 2147483647;
			files = (
			);
			runOnlyForDeploymentPostprocessing = 0;
		};
/* End PBXFrameworksBuildPhase section */

/* Begin PBXGroup section */
		DBFEE7A72B9DF072000C2CDA = {
			isa = PBXGroup;
			children = (
				DBFEE7B22B9DF072000C2CDA /* NoteApp */,
				DBFEE7C92B9DF074000C2CDA /* NoteAppTests */,
				DBFEE7D32B9DF074000C2CDA /* NoteAppUITests */,
				DBFEE7B12B9DF072000C2CDA /* Products */,
			);
			sourceTree = "<group>";
		};
		DBFEE7B12B9DF072000C2CDA /* Products */ = {
			isa = PBXGroup;
			children = (
				DBFEE7B02B9DF072000C2CDA /* NoteApp.app */,
				DBFEE7C62B9DF074000C2CDA /* NoteAppTests.xctest */,
				DBFEE7D02B9DF074000C2CDA /* NoteAppUITests.xctest */,
			);
			name = Products;
			sourceTree = "<group>";
		};
		DBFEE7B22B9DF072000C2CDA /* NoteApp */ = {
			isa = PBXGroup;
			children = (
				DBFEE7B32B9DF072000C2CDA /* AppDelegate.swift */,
				DBFEE7B52B9DF072000C2CDA /* SceneDelegate.swift */,
				DBFEE7B72B9DF072000C2CDA /* ViewController.swift */,
				DBFEE7B92B9DF072000C2CDA /* Main.storyboard */,
				DBFEE7BC2B9DF074000C2CDA /* Assets.xcassets */,
				DBFEE7BE2B9DF074000C2CDA /* LaunchScreen.storyboard */,
				DBFEE7C12B9DF074000C2CDA /* Info.plist */,
			);
			path = NoteApp;
			sourceTree = "<group>";
		};
		DBFEE7C92B9DF074000C2CDA /* NoteAppTests */ = {
			isa = PBXGroup;
			children = (
				DBFEE7CA2B9DF074000C2CDA /* NoteAppTests.swift */,
			);
			path = NoteAppTests;
			sourceTree = "<group>";
		};
		DBFEE7D32B9DF074000C2CDA /* NoteAppUITests */ = {
			isa = PBXGroup;
			children = (
				DBFEE7D42B9DF074000C2CDA /* NoteAppUITests.swift */,
				DBFEE7D62B9DF074000C2CDA /* NoteAppUITestsLaunchTests.swift */,
			);
			path = NoteAppUITests;
			sourceTree = "<group>";
		};
/* End PBXGroup section */

/* Begin PBXNativeTarget section */
		DBFEE7AF2B9DF072000C2CDA /* NoteApp */ = {
			isa = PBXNativeTarget;
			buildConfigurationList = DBFEE7DA2B9DF074000C2CDA /* Build configuration list for PBXNativeTarget "NoteApp" */;
			buildPhases = (
				DBFEE7AC2B9DF072000C2CDA /* Sources */,
				DBFEE7AD2B9DF072000C2CDA /* Frameworks */,
				DBFEE7AE2B9DF072000C2CDA /* Resources */,
			);
			buildRules = (
			);
			dependencies = (
			);
			name = NoteApp;
			productName = NoteApp;
			productReference = DBFEE7B02B9DF072000C2CDA /* NoteApp.app */;
			productType = "com.apple.product-type.application";
		};
		DBFEE7C52B9DF074000C2CDA /* NoteAppTests */ = {
			isa = PBXNativeTarget;
			buildConfigurationList = DBFEE7DD2B9DF074000C2CDA /* Build configuration list for PBXNativeTarget "NoteAppTests" */;
			buildPhases = (
				DBFEE7C22B9DF074000C2CDA /* Sources */,
				DBFEE7C32B9DF074000C2CDA /* Frameworks */,
				DBFEE7C42B9DF074000C2CDA /* Resources */,
			);
			buildRules = (
			);
			dependencies = (
				DBFEE7C82B9DF074000C2CDA /* PBXTargetDependency */,
			);
			name = NoteAppTests;
			productName = NoteAppTests;
			productReference = DBFEE7C62B9DF074000C2CDA /* NoteAppTests.xctest */;
			productType = "com.apple.product-type.bundle.unit-test";
		};
		DBFEE7CF2B9DF074000C2CDA /* NoteAppUITests */ = {
			isa = PBXNativeTarget;
			buildConfigurationList = DBFEE7E02B9DF074000C2CDA /* Build configuration list for PBXNativeTarget "NoteAppUITests" */;
			buildPhases = (
				DBFEE7CC2B9DF074000C2CDA /* Sources */,
				DBFEE7CD2B9DF074000C2CDA /* Frameworks */,
				DBFEE7CE2B9DF074000C2CDA /* Resources */,
			);
			buildRules = (
			);
			dependencies = (
				DBFEE7D22B9DF074000C2CDA /* PBXTargetDependency */,
			);
			name = NoteAppUITests;
			productName = NoteAppUITests;
			productReference = DBFEE7D02B9DF074000C2CDA /* NoteAppUITests.xctest */;
			productType = "com.apple.product-type.bundle.ui-testing";
		};
/* End PBXNativeTarget section */

/* Begin PBXProject section */
		DBFEE7A82B9DF072000C2CDA /* Project object */ = {
			isa = PBXProject;
			attributes = {
				BuildIndependentTargetsInParallel = 1;
				LastSwiftUpdateCheck = 1530;
				LastUpgradeCheck = 1530;
				TargetAttributes = {
					DBFEE7AF2B9DF072000C2CDA = {
						CreatedOnToolsVersion = 15.3;
					};
					DBFEE7C52B9DF074000C2CDA = {
						CreatedOnToolsVersion = 15.3;
						TestTargetID = DBFEE7AF2B9DF072000C2CDA;
					};
					DBFEE7CF2B9DF074000C2CDA = {
						CreatedOnToolsVersion = 15.3;
						TestTargetID = DBFEE7AF2B9DF072000C2CDA;
					};
				};
			};
			buildConfigurationList = DBFEE7AB2B9DF072000C2CDA /* Build configuration list for PBXProject "NoteApp" */;
			compatibilityVersion = "Xcode 14.0";
			developmentRegion = en;
			hasScannedForEncodings = 0;
			knownRegions = (
				en,
				Base,
			);
			mainGroup = DBFEE7A72B9DF072000C2CDA;
			productRefGroup = DBFEE7B12B9DF072000C2CDA /* Products */;
			projectDirPath = "";
			projectRoot = "";
			targets = (
				DBFEE7AF2B9DF072000C2CDA /* NoteApp */,
				DBFEE7C52B9DF074000C2CDA /* NoteAppTests */,
				DBFEE7CF2B9DF074000C2CDA /* NoteAppUITests */,
			);
		};
/* End PBXProject section */

/* Begin PBXResourcesBuildPhase section */
		DBFEE7AE2B9DF072000C2CDA /* Resources */ = {
			isa = PBXResourcesBuildPhase;
			buildActionMask = 2147483647;
			files = (
				DBFEE7BD2B9DF074000C2CDA /* Assets.xcassets in Resources */,
				DBFEE7C02B9DF074000C2CDA /* Base in Resources */,
				DBFEE7BB2B9DF072000C2CDA /* Base in Resources */,
			);
			runOnlyForDeploymentPostprocessing = 0;
		};
		DBFEE7C42B9DF074000C2CDA /* Resources */ = {
			isa = PBXResourcesBuildPhase;
			buildActionMask = 2147483647;
			files = (
			);
			runOnlyForDeploymentPostprocessing = 0;
		};
		DBFEE7CE2B9DF074000C2CDA /* Resources */ = {
			isa = PBXResourcesBuildPhase;
			buildActionMask = 2147483647;
			files = (
			);
			runOnlyForDeploymentPostprocessing = 0;
		};
/* End PBXResourcesBuildPhase section */

/* Begin PBXSourcesBuildPhase section */
		DBFEE7AC2B9DF072000C2CDA /* Sources */ = {
			isa = PBXSourcesBuildPhase;
			buildActionMask = 2147483647;
			files = (
				DBFEE7B82B9DF072000C2CDA /* ViewController.swift in Sources */,
				DBFEE7B42B9DF072000C2CDA /* AppDelegate.swift in Sources */,
				DBFEE7B62B9DF072000C2CDA /* SceneDelegate.swift in Sources */,
			);
			runOnlyForDeploymentPostprocessing = 0;
		};
		DBFEE7C22B9DF074000C2CDA /* Sources */ = {
			isa = PBXSourcesBuildPhase;
			buildActionMask = 2147483647;
			files = (
				DBFEE7CB2B9DF074000C2CDA /* NoteAppTests.swift in Sources */,
			);
			runOnlyForDeploymentPostprocessing = 0;
		};
		DBFEE7CC2B9DF074000C2CDA /* Sources */ = {
			isa = PBXSourcesBuildPhase;
			buildActionMask = 2147483647;
			files = (
				DBFEE7D72B9DF074000C2CDA /* NoteAppUITestsLaunchTests.swift in Sources */,
				DBFEE7D52B9DF074000C2CDA /* NoteAppUITests.swift in Sources */,
			);
			runOnlyForDeploymentPostprocessing = 0;
		};
/* End PBXSourcesBuildPhase section */

/* Begin PBXTargetDependency section */
		DBFEE7C82B9DF074000C2CDA /* PBXTargetDependency */ = {
			isa = PBXTargetDependency;
			target = DBFEE7AF2B9DF072000C2CDA /* NoteApp */;
			targetProxy = DBFEE7C72B9DF074000C2CDA /* PBXContainerItemProxy */;
		};
		DBFEE7D22B9DF074000C2CDA /* PBXTargetDependency */ = {
			isa = PBXTargetDependency;
			target = DBFEE7AF2B9DF072000C2CDA /* NoteApp */;
			targetProxy = DBFEE7D12B9DF074000C2CDA /* PBXContainerItemProxy */;
		};
/* End PBXTargetDependency section */

/* Begin PBXVariantGroup section */
		DBFEE7B92B9DF072000C2CDA /* Main.storyboard */ = {
			isa = PBXVariantGroup;
			children = (
				DBFEE7BA2B9DF072000C2CDA /* Base */,
			);
			name = Main.storyboard;
			sourceTree = "<group>";
		};
		DBFEE7BE2B9DF074000C2CDA /* LaunchScreen.storyboard */ = {
			isa = PBXVariantGroup;
			children = (
				DBFEE7BF2B9DF074000C2CDA /* Base */,
			);
			name = LaunchScreen.storyboard;
			sourceTree = "<group>";
		};
/* End PBXVariantGroup section */

/* Begin XCBuildConfiguration section */
		DBFEE7D82B9DF074000C2CDA /* Debug */ = {
			isa = XCBuildConfiguration;
			buildSettings = {
				ALWAYS_SEARCH_USER_PATHS = NO;
				ASSETCATALOG_COMPILER_GENERATE_SWIFT_ASSET_SYMBOL_EXTENSIONS = YES;
				CLANG_ANALYZER_NONNULL = YES;
				CLANG_ANALYZER_NUMBER_OBJECT_CONVERSION = YES_AGGRESSIVE;
				CLANG_CXX_LANGUAGE_STANDARD = "gnu++20";
				CLANG_ENABLE_MODULES = YES;
				CLANG_ENABLE_OBJC_ARC = YES;
				CLANG_ENABLE_OBJC_WEAK = YES;
				CLANG_WARN_BLOCK_CAPTURE_AUTORELEASING = YES;
				CLANG_WARN_BOOL_CONVERSION = YES;
				CLANG_WARN_COMMA = YES;
				CLANG_WARN_CONSTANT_CONVERSION = YES;
				CLANG_WARN_DEPRECATED_OBJC_IMPLEMENTATIONS = YES;
				CLANG_WARN_DIRECT_OBJC_ISA_USAGE = YES_ERROR;
				CLANG_WARN_DOCUMENTATION_COMMENTS = YES;
				CLANG_WARN_EMPTY_BODY = YES;
				CLANG_WARN_ENUM_CONVERSION = YES;
				CLANG_WARN_INFINITE_RECURSION = YES;
				CLANG_WARN_INT_CONVERSION = YES;
				CLANG_WARN_NON_LITERAL_NULL_CONVERSION = YES;
				CLANG_WARN_OBJC_IMPLICIT_RETAIN_SELF = YES;
				CLANG_WARN_OBJC_LITERAL_CONVERSION = YES;
				CLANG_WARN_OBJC_ROOT_CLASS = YES_ERROR;
				CLANG_WARN_QUOTED_INCLUDE_IN_FRAMEWORK_HEADER = YES;
				CLANG_WARN_RANGE_LOOP_ANALYSIS = YES;
				CLANG_WARN_STRICT_PROTOTYPES = YES;
				CLANG_WARN_SUSPICIOUS_MOVE = YES;
				CLANG_WARN_UNGUARDED_AVAILABILITY = YES_AGGRESSIVE;
				CLANG_WARN_UNREACHABLE_CODE = YES;
				CLANG_WARN__DUPLICATE_METHOD_MATCH = YES;
				COPY_PHASE_STRIP = NO;
				DEBUG_INFORMATION_FORMAT = dwarf;
				ENABLE_STRICT_OBJC_MSGSEND = YES;
				ENABLE_TESTABILITY = YES;
				ENABLE_USER_SCRIPT_SANDBOXING = YES;
				GCC_C_LANGUAGE_STANDARD = gnu17;
				GCC_DYNAMIC_NO_PIC = NO;
				GCC_NO_COMMON_BLOCKS = YES;
				GCC_OPTIMIZATION_LEVEL = 0;
				GCC_PREPROCESSOR_DEFINITIONS = (
					"DEBUG=1",
					"$(inherited)",
				);
				GCC_WARN_64_TO_32_BIT_CONVERSION = YES;
				GCC_WARN_ABOUT_RETURN_TYPE = YES_ERROR;
				GCC_WARN_UNDECLARED_SELECTOR = YES;
				GCC_WARN_UNINITIALIZED_AUTOS = YES_AGGRESSIVE;
				GCC_WARN_UNUSED_FUNCTION = YES;
				GCC_WARN_UNUSED_VARIABLE = YES;
				IPHONEOS_DEPLOYMENT_TARGET = 17.4;
				LOCALIZATION_PREFERS_STRING_CATALOGS = YES;
				MTL_ENABLE_DEBUG_INFO = INCLUDE_SOURCE;
				MTL_FAST_MATH = YES;
				ONLY_ACTIVE_ARCH = YES;
				SDKROOT = iphoneos;
				SWIFT_ACTIVE_COMPILATION_CONDITIONS = "DEBUG $(inherited)";
				SWIFT_OPTIMIZATION_LEVEL = "-Onone";
			};
			name = Debug;
		};
		DBFEE7D92B9DF074000C2CDA /* Release */ = {
			isa = XCBuildConfiguration;
			buildSettings = {
				ALWAYS_SEARCH_USER_PATHS = NO;
				ASSETCATALOG_COMPILER_GENERATE_SWIFT_ASSET_SYMBOL_EXTENSIONS = YES;
				CLANG_ANALYZER_NONNULL = YES;
				CLANG_ANALYZER_NUMBER_OBJECT_CONVERSION = YES_AGGRESSIVE;
				CLANG_CXX_LANGUAGE_STANDARD = "gnu++20";
				CLANG_ENABLE_MODULES = YES;
				CLANG_ENABLE_OBJC_ARC = YES;
				CLANG_ENABLE_OBJC_WEAK = YES;
				CLANG_WARN_BLOCK_CAPTURE_AUTORELEASING = YES;
				CLANG_WARN_BOOL_CONVERSION = YES;
				CLANG_WARN_COMMA = YES;
				CLANG_WARN_CONSTANT_CONVERSION = YES;
				CLANG_WARN_DEPRECATED_OBJC_IMPLEMENTATIONS = YES;
				CLANG_WARN_DIRECT_OBJC_ISA_USAGE = YES_ERROR;
				CLANG_WARN_DOCUMENTATION_COMMENTS = YES;
				CLANG_WARN_EMPTY_BODY = YES;
				CLANG_WARN_ENUM_CONVERSION = YES;
				CLANG_WARN_INFINITE_RECURSION = YES;
				CLANG_WARN_INT_CONVERSION = YES;
				CLANG_WARN_NON_LITERAL_NULL_CONVERSION = YES;
				CLANG_WARN_OBJC_IMPLICIT_RETAIN_SELF = YES;
				CLANG_WARN_OBJC_LITERAL_CONVERSION = YES;
				CLANG_WARN_OBJC_ROOT_CLASS = YES_ERROR;
				CLANG_WARN_QUOTED_INCLUDE_IN_FRAMEWORK_HEADER = YES;
				CLANG_WARN_RANGE_LOOP_ANALYSIS = YES;
				CLANG_WARN_STRICT_PROTOTYPES = YES;
				CLANG_WARN_SUSPICIOUS_MOVE = YES;
				CLANG_WARN_UNGUARDED_AVAILABILITY = YES_AGGRESSIVE;
				CLANG_WARN_UNREACHABLE_CODE = YES;
				CLANG_WARN__DUPLICATE_METHOD_MATCH = YES;
				COPY_PHASE_STRIP = NO;
				DEBUG_INFORMATION_FORMAT = "dwarf-with-dsym";
				ENABLE_NS_ASSERTIONS = NO;
				ENABLE_STRICT_OBJC_MSGSEND = YES;
				ENABLE_USER_SCRIPT_SANDBOXING = YES;
				GCC_C_LANGUAGE_STANDARD = gnu17;
				GCC_NO_COMMON_BLOCKS = YES;
				GCC_WARN_64_TO_32_BIT_CONVERSION = YES;
				GCC_WARN_ABOUT_RETURN_TYPE = YES_ERROR;
				GCC_WARN_UNDECLARED_SELECTOR = YES;
				GCC_WARN_UNINITIALIZED_AUTOS = YES_AGGRESSIVE;
				GCC_WARN_UNUSED_FUNCTION = YES;
				GCC_WARN_UNUSED_VARIABLE = YES;
				IPHONEOS_DEPLOYMENT_TARGET = 17.4;
				LOCALIZATION_PREFERS_STRING_CATALOGS = YES;
				MTL_ENABLE_DEBUG_INFO = NO;
				MTL_FAST_MATH = YES;
				SDKROOT = iphoneos;
				SWIFT_COMPILATION_MODE = wholemodule;
				VALIDATE_PRODUCT = YES;
			};
			name = Release;
		};
		DBFEE7DB2B9DF074000C2CDA /* Debug */ = {
			isa = XCBuildConfiguration;
			buildSettings = {
				ASSETCATALOG_COMPILER_APPICON_NAME = AppIcon;
				ASSETCATALOG_COMPILER_GLOBAL_ACCENT_COLOR_NAME = AccentColor;
				CODE_SIGN_STYLE = Automatic;
				CURRENT_PROJECT_VERSION = 1;
				DEVELOPMENT_TEAM = XVK8F6Q98H;
				GENERATE_INFOPLIST_FILE = YES;
				INFOPLIST_FILE = NoteApp/Info.plist;
				INFOPLIST_KEY_UIApplicationSupportsIndirectInputEvents = YES;
				INFOPLIST_KEY_UILaunchStoryboardName = LaunchScreen;
				INFOPLIST_KEY_UIMainStoryboardFile = Main;
				INFOPLIST_KEY_UISupportedInterfaceOrientations_iPad = "UIInterfaceOrientationPortrait UIInterfaceOrientationPortraitUpsideDown UIInterfaceOrientationLandscapeLeft UIInterfaceOrientationLandscapeRight";
				INFOPLIST_KEY_UISupportedInterfaceOrientations_iPhone = "UIInterfaceOrientationPortrait UIInterfaceOrientationLandscapeLeft UIInterfaceOrientationLandscapeRight";
				LD_RUNPATH_SEARCH_PATHS = (
					"$(inherited)",
					"@executable_path/Frameworks",
				);
				MARKETING_VERSION = 1.0;
				PRODUCT_BUNDLE_IDENTIFIER = com.rumeysakutlu.NoteApp;
				PRODUCT_NAME = "$(TARGET_NAME)";
				SWIFT_EMIT_LOC_STRINGS = YES;
				SWIFT_VERSION = 5.0;
				TARGETED_DEVICE_FAMILY = "1,2";
			};
			name = Debug;
		};
		DBFEE7DC2B9DF074000C2CDA /* Release */ = {
			isa = XCBuildConfiguration;
			buildSettings = {
				ASSETCATALOG_COMPILER_APPICON_NAME = AppIcon;
				ASSETCATALOG_COMPILER_GLOBAL_ACCENT_COLOR_NAME = AccentColor;
				CODE_SIGN_STYLE = Automatic;
				CURRENT_PROJECT_VERSION = 1;
				DEVELOPMENT_TEAM = XVK8F6Q98H;
				GENERATE_INFOPLIST_FILE = YES;
				INFOPLIST_FILE = NoteApp/Info.plist;
				INFOPLIST_KEY_UIApplicationSupportsIndirectInputEvents = YES;
				INFOPLIST_KEY_UILaunchStoryboardName = LaunchScreen;
				INFOPLIST_KEY_UIMainStoryboardFile = Main;
				INFOPLIST_KEY_UISupportedInterfaceOrientations_iPad = "UIInterfaceOrientationPortrait UIInterfaceOrientationPortraitUpsideDown UIInterfaceOrientationLandscapeLeft UIInterfaceOrientationLandscapeRight";
				INFOPLIST_KEY_UISupportedInterfaceOrientations_iPhone = "UIInterfaceOrientationPortrait UIInterfaceOrientationLandscapeLeft UIInterfaceOrientationLandscapeRight";
				LD_RUNPATH_SEARCH_PATHS = (
					"$(inherited)",
					"@executable_path/Frameworks",
				);
				MARKETING_VERSION = 1.0;
				PRODUCT_BUNDLE_IDENTIFIER = com.rumeysakutlu.NoteApp;
				PRODUCT_NAME = "$(TARGET_NAME)";
				SWIFT_EMIT_LOC_STRINGS = YES;
				SWIFT_VERSION = 5.0;
				TARGETED_DEVICE_FAMILY = "1,2";
			};
			name = Release;
		};
		DBFEE7DE2B9DF074000C2CDA /* Debug */ = {
			isa = XCBuildConfiguration;
			buildSettings = {
				ALWAYS_EMBED_SWIFT_STANDARD_LIBRARIES = YES;
				BUNDLE_LOADER = "$(TEST_HOST)";
				CODE_SIGN_STYLE = Automatic;
				CURRENT_PROJECT_VERSION = 1;
				DEVELOPMENT_TEAM = XVK8F6Q98H;
				GENERATE_INFOPLIST_FILE = YES;
				IPHONEOS_DEPLOYMENT_TARGET = 17.4;
				MARKETING_VERSION = 1.0;
				PRODUCT_BUNDLE_IDENTIFIER = com.rumeysakutlu.NoteAppTests;
				PRODUCT_NAME = "$(TARGET_NAME)";
				SWIFT_EMIT_LOC_STRINGS = NO;
				SWIFT_VERSION = 5.0;
				TARGETED_DEVICE_FAMILY = "1,2";
				TEST_HOST = "$(BUILT_PRODUCTS_DIR)/NoteApp.app/$(BUNDLE_EXECUTABLE_FOLDER_PATH)/NoteApp";
			};
			name = Debug;
		};
		DBFEE7DF2B9DF074000C2CDA /* Release */ = {
			isa = XCBuildConfiguration;
			buildSettings = {
				ALWAYS_EMBED_SWIFT_STANDARD_LIBRARIES = YES;
				BUNDLE_LOADER = "$(TEST_HOST)";
				CODE_SIGN_STYLE = Automatic;
				CURRENT_PROJECT_VERSION = 1;
				DEVELOPMENT_TEAM = XVK8F6Q98H;
				GENERATE_INFOPLIST_FILE = YES;
				IPHONEOS_DEPLOYMENT_TARGET = 17.4;
				MARKETING_VERSION = 1.0;
				PRODUCT_BUNDLE_IDENTIFIER = com.rumeysakutlu.NoteAppTests;
				PRODUCT_NAME = "$(TARGET_NAME)";
				SWIFT_EMIT_LOC_STRINGS = NO;
				SWIFT_VERSION = 5.0;
				TARGETED_DEVICE_FAMILY = "1,2";
				TEST_HOST = "$(BUILT_PRODUCTS_DIR)/NoteApp.app/$(BUNDLE_EXECUTABLE_FOLDER_PATH)/NoteApp";
			};
			name = Release;
		};
		DBFEE7E12B9DF074000C2CDA /* Debug */ = {
			isa = XCBuildConfiguration;
			buildSettings = {
				ALWAYS_EMBED_SWIFT_STANDARD_LIBRARIES = YES;
				CODE_SIGN_STYLE = Automatic;
				CURRENT_PROJECT_VERSION = 1;
				DEVELOPMENT_TEAM = XVK8F6Q98H;
				GENERATE_INFOPLIST_FILE = YES;
				MARKETING_VERSION = 1.0;
				PRODUCT_BUNDLE_IDENTIFIER = com.rumeysakutlu.NoteAppUITests;
				PRODUCT_NAME = "$(TARGET_NAME)";
				SWIFT_EMIT_LOC_STRINGS = NO;
				SWIFT_VERSION = 5.0;
				TARGETED_DEVICE_FAMILY = "1,2";
				TEST_TARGET_NAME = NoteApp;
			};
			name = Debug;
		};
		DBFEE7E22B9DF074000C2CDA /* Release */ = {
			isa = XCBuildConfiguration;
			buildSettings = {
				ALWAYS_EMBED_SWIFT_STANDARD_LIBRARIES = YES;
				CODE_SIGN_STYLE = Automatic;
				CURRENT_PROJECT_VERSION = 1;
				DEVELOPMENT_TEAM = XVK8F6Q98H;
				GENERATE_INFOPLIST_FILE = YES;
				MARKETING_VERSION = 1.0;
				PRODUCT_BUNDLE_IDENTIFIER = com.rumeysakutlu.NoteAppUITests;
				PRODUCT_NAME = "$(TARGET_NAME)";
				SWIFT_EMIT_LOC_STRINGS = NO;
				SWIFT_VERSION = 5.0;
				TARGETED_DEVICE_FAMILY = "1,2";
				TEST_TARGET_NAME = NoteApp;
			};
			name = Release;
		};
/* End XCBuildConfiguration section */

/* Begin XCConfigurationList section */
		DBFEE7AB2B9DF072000C2CDA /* Build configuration list for PBXProject "NoteApp" */ = {
			isa = XCConfigurationList;
			buildConfigurations = (
				DBFEE7D82B9DF074000C2CDA /* Debug */,
				DBFEE7D92B9DF074000C2CDA /* Release */,
			);
			defaultConfigurationIsVisible = 0;
			defaultConfigurationName = Release;
		};
		DBFEE7DA2B9DF074000C2CDA /* Build configuration list for PBXNativeTarget "NoteApp" */ = {
			isa = XCConfigurationList;
			buildConfigurations = (
				DBFEE7DB2B9DF074000C2CDA /* Debug */,
				DBFEE7DC2B9DF074000C2CDA /* Release */,
			);
			defaultConfigurationIsVisible = 0;
			defaultConfigurationName = Release;
		};
		DBFEE7DD2B9DF074000C2CDA /* Build configuration list for PBXNativeTarget "NoteAppTests" */ = {
			isa = XCConfigurationList;
			buildConfigurations = (
				DBFEE7DE2B9DF074000C2CDA /* Debug */,
				DBFEE7DF2B9DF074000C2CDA /* Release */,
			);
			defaultConfigurationIsVisible = 0;
			defaultConfigurationName = Release;
		};
		DBFEE7E02B9DF074000C2CDA /* Build configuration list for PBXNativeTarget "NoteAppUITests" */ = {
			isa = XCConfigurationList;
			buildConfigurations = (
				DBFEE7E12B9DF074000C2CDA /* Debug */,
				DBFEE7E22B9DF074000C2CDA /* Release */,
			);
			defaultConfigurationIsVisible = 0;
			defaultConfigurationName = Release;
		};
/* End XCConfigurationList section */
	};
	rootObject = DBFEE7A82B9DF072000C2CDA /* Project object */;
}
